<?xml version="1.0" encoding="utf-8"?>
<Project ToolsVersion="4.0" xmlns="http://schemas.microsoft.com/developer/msbuild/2003">
  <ItemGroup>
    <ClCompile Include="apps\GltfViewer.cpp" />
  </ItemGroup>
  <ItemGroup>
    <Filter Include="Fichiers de ressources">
      <UniqueIdentifier>{5e6c64f3-e866-4940-98c5-f9811502de76}</UniqueIdentifier>
    </Filter>
  </ItemGroup>
  <ItemGroup>
    <None Include="shaders\shader.frag">
      <Filter>Fichiers de ressources</Filter>
    </None>
    <None Include="shaders\shader.vert">
      <Filter>Fichiers de ressources</Filter>
    </None>
  </ItemGroup>
</Project>