<?xml version="1.0" encoding="utf-8"?>
<Project ToolsVersion="4.0" xmlns="http://schemas.microsoft.com/developer/msbuild/2003">
  <ItemGroup>
    <ClCompile Include="apps\MultiViewer.cpp" />
  </ItemGroup>
  <ItemGroup>
    <Filter Include="Fichiers de ressources">
      <UniqueIdentifier>{c6e0c31b-ac04-4320-badb-2edc8c7ed2a7}</UniqueIdentifier>
    </Filter>
  </ItemGroup>
</Project>